
Microsoft Visual Studio Solution File, Format Version 12.00
# Visual Studio Version 17
VisualStudioVersion = 17.8.34511.84
MinimumVisualStudioVersion = 10.0.40219.1
Project("{FAE04EC0-301F-11D3-BF4B-00C04F79EFBC}") = "StudentEnrollment.Api", "StudentEnrollment.Api\StudentEnrollment.Api.csproj", "{64A135D7-2DBD-40FF-B8E3-0D54AB91572C}"
EndProject
Global
	GlobalSection(SolutionConfigurationPlatforms) = preSolution
		Debug|Any CPU = Debug|Any CPU
		Release|Any CPU = Release|Any CPU
	EndGlobalSection
	GlobalSection(ProjectConfigurationPlatforms) = postSolution
		{64A135D7-2DBD-40FF-B8E3-0D54AB91572C}.Debug|Any CPU.ActiveCfg = Debug|Any CPU
		{64A135D7-2DBD-40FF-B8E3-0D54AB91572C}.Debug|Any CPU.Build.0 = Debug|Any CPU
		{64A135D7-2DBD-40FF-B8E3-0D54AB91572C}.Release|Any CPU.ActiveCfg = Release|Any CPU
		{64A135D7-2DBD-40FF-B8E3-0D54AB91572C}.Release|Any CPU.Build.0 = Release|Any CPU
	EndGlobalSection
	GlobalSection(SolutionProperties) = preSolution
		HideSolutionNode = FALSE
	EndGlobalSection
	GlobalSection(ExtensibilityGlobals) = postSolution
		SolutionGuid = {2139B232-CFDC-4C78-9B4D-18ACB32A9E34}
	EndGlobalSection
EndGlobal
